// !$*UTF8*$!
{
	archiveVersion = 1;
	classes = {
	};
	objectVersion = 46;
	objects = {

/* Begin PBXBuildFile section */
		4E05983E172BA19200ADD283 /* sfml-audio.framework in Frameworks */ = {isa = PBXBuildFile; fileRef = 4E05983D172BA19200ADD283 /* sfml-audio.framework */; };
		4E059842172BA5EE00ADD283 /* sndfile.framework in Frameworks */ = {isa = PBXBuildFile; fileRef = 4E059841172BA5EE00ADD283 /* sndfile.framework */; settings = {ATTRIBUTES = (Required, ); }; };
		4E0BA2E9172B8A3400BB865E /* Foundation.framework in Frameworks */ = {isa = PBXBuildFile; fileRef = 4E0BA2E8172B8A3400BB865E /* Foundation.framework */; };
		4E0BA2EC172B8A3400BB865E /* main.cpp in Sources */ = {isa = PBXBuildFile; fileRef = 4E0BA2EB172B8A3400BB865E /* main.cpp */; };
		4E0BA2EE172B8A3400BB865E /* ResourcePath.mm in Sources */ = {isa = PBXBuildFile; fileRef = 4E0BA2ED172B8A3400BB865E /* ResourcePath.mm */; };
		4E0BA2F4172B8A3400BB865E /* InfoPlist.strings in Resources */ = {isa = PBXBuildFile; fileRef = 4E0BA2F2172B8A3400BB865E /* InfoPlist.strings */; };
		4E0BA2FF172B8F7D00BB865E /* GLUT.framework in Frameworks */ = {isa = PBXBuildFile; fileRef = 4E0BA2FE172B8F7D00BB865E /* GLUT.framework */; };
		4E0BA301172B8F8400BB865E /* OpenGL.framework in Frameworks */ = {isa = PBXBuildFile; fileRef = 4E0BA300172B8F8400BB865E /* OpenGL.framework */; };
		4E2481AF172C29D900F9ADFE /* Shape.cpp in Sources */ = {isa = PBXBuildFile; fileRef = 4E2481AD172C29D900F9ADFE /* Shape.cpp */; };
		4E53D772172DFA03007AA621 /* icon1.icns in Resources */ = {isa = PBXBuildFile; fileRef = 4E53D771172DFA03007AA621 /* icon1.icns */; };
		4E53D774172E08AA007AA621 /* traffic-jamicon.icns in Resources */ = {isa = PBXBuildFile; fileRef = 4E53D773172E08AA007AA621 /* traffic-jamicon.icns */; };
		4E53D776172E0E1B007AA621 /* ludumintro.png in Resources */ = {isa = PBXBuildFile; fileRef = 4E53D775172E0E1B007AA621 /* ludumintro.png */; };
		4E53D778172E0E9A007AA621 /* sfml-graphics.framework in Frameworks */ = {isa = PBXBuildFile; fileRef = 4E53D777172E0E9A007AA621 /* sfml-graphics.framework */; };
		4E6655DA172EF50A0057ADDC /* trafficjam.ogg in Resources */ = {isa = PBXBuildFile; fileRef = 4E6655D9172EF50A0057ADDC /* trafficjam.ogg */; };
		4E6655DE172EF5320057ADDC /* combobreaker.ogg in Resources */ = {isa = PBXBuildFile; fileRef = 4E6655DD172EF5320057ADDC /* combobreaker.ogg */; };
		4E6655E2172EF54B0057ADDC /* wimp.ogg in Resources */ = {isa = PBXBuildFile; fileRef = 4E6655E1172EF54B0057ADDC /* wimp.ogg */; };
		4E6655E4172EF5E00057ADDC /* potato.ogg in Resources */ = {isa = PBXBuildFile; fileRef = 4E6655E3172EF5E00057ADDC /* potato.ogg */; };
		4E870ACE172EDF37007A478B /* boop.ogg in Resources */ = {isa = PBXBuildFile; fileRef = 4E870AC7172EDF37007A478B /* boop.ogg */; };
		4E870ACF172EDF37007A478B /* highbeep.ogg in Resources */ = {isa = PBXBuildFile; fileRef = 4E870AC8172EDF37007A478B /* highbeep.ogg */; };
		4E870AD0172EDF37007A478B /* powerdown.ogg in Resources */ = {isa = PBXBuildFile; fileRef = 4E870AC9172EDF37007A478B /* powerdown.ogg */; };
		4E870AD1172EDF37007A478B /* powerup.ogg in Resources */ = {isa = PBXBuildFile; fileRef = 4E870ACA172EDF37007A478B /* powerup.ogg */; };
		4E870AD2172EDF37007A478B /* screechleft.ogg in Resources */ = {isa = PBXBuildFile; fileRef = 4E870ACB172EDF37007A478B /* screechleft.ogg */; };
		4E870AD3172EDF37007A478B /* screechright.ogg in Resources */ = {isa = PBXBuildFile; fileRef = 4E870ACC172EDF37007A478B /* screechright.ogg */; };
		4E870AF9172EDF4D007A478B /* easy.ogg in Resources */ = {isa = PBXBuildFile; fileRef = 4E870AF4172EDF4D007A478B /* easy.ogg */; };
		4E870AFA172EDF4D007A478B /* hard.ogg in Resources */ = {isa = PBXBuildFile; fileRef = 4E870AF5172EDF4D007A478B /* hard.ogg */; };
		4E870AFB172EDF4D007A478B /* insanity.ogg in Resources */ = {isa = PBXBuildFile; fileRef = 4E870AF6172EDF4D007A478B /* insanity.ogg */; };
		4E870AFC172EDF4D007A478B /* normal.ogg in Resources */ = {isa = PBXBuildFile; fileRef = 4E870AF7172EDF4D007A478B /* normal.ogg */; };
		4E870B00172EDF58007A478B /* game.ogg in Resources */ = {isa = PBXBuildFile; fileRef = 4E870AFE172EDF58007A478B /* game.ogg */; };
		4E870B01172EDF58007A478B /* title.ogg in Resources */ = {isa = PBXBuildFile; fileRef = 4E870AFF172EDF58007A478B /* title.ogg */; };
		4E8D6B14172C3D7E0036F7C1 /* sndfile.framework in Resources */ = {isa = PBXBuildFile; fileRef = 4E059841172BA5EE00ADD283 /* sndfile.framework */; };
		4E8D6B15172C3D7E0036F7C1 /* sfml-audio.framework in Resources */ = {isa = PBXBuildFile; fileRef = 4E05983D172BA19200ADD283 /* sfml-audio.framework */; };
		4EB9024B172EFA7B0038A6C9 /* psychedelic.ogg in Resources */ = {isa = PBXBuildFile; fileRef = 4EB9024A172EFA7B0038A6C9 /* psychedelic.ogg */; };
		4EB9024D172EFB2B0038A6C9 /* bummer.ogg in Resources */ = {isa = PBXBuildFile; fileRef = 4EB9024C172EFB2B0038A6C9 /* bummer.ogg */; };
		4EB90251172EFE130038A6C9 /* combo1.ogg in Resources */ = {isa = PBXBuildFile; fileRef = 4EB90250172EFE130038A6C9 /* combo1.ogg */; };
		4EB90253172EFE7F0038A6C9 /* combo2.ogg in Resources */ = {isa = PBXBuildFile; fileRef = 4EB90252172EFE7F0038A6C9 /* combo2.ogg */; };
		4EB90266172F003B0038A6C9 /* combo3.ogg in Resources */ = {isa = PBXBuildFile; fileRef = 4EB90254172F003B0038A6C9 /* combo3.ogg */; };
		4EB90267172F003B0038A6C9 /* combo4.ogg in Resources */ = {isa = PBXBuildFile; fileRef = 4EB90255172F003B0038A6C9 /* combo4.ogg */; };
		4EB90268172F003B0038A6C9 /* combo5.ogg in Resources */ = {isa = PBXBuildFile; fileRef = 4EB90256172F003B0038A6C9 /* combo5.ogg */; };
		4EB90269172F003B0038A6C9 /* combo6.ogg in Resources */ = {isa = PBXBuildFile; fileRef = 4EB90257172F003B0038A6C9 /* combo6.ogg */; };
		4EB9026A172F003B0038A6C9 /* combo7.ogg in Resources */ = {isa = PBXBuildFile; fileRef = 4EB90258172F003B0038A6C9 /* combo7.ogg */; };
		4EB9026B172F003B0038A6C9 /* combo8.ogg in Resources */ = {isa = PBXBuildFile; fileRef = 4EB90259172F003B0038A6C9 /* combo8.ogg */; };
		4EB9026C172F003B0038A6C9 /* combo9.ogg in Resources */ = {isa = PBXBuildFile; fileRef = 4EB9025A172F003B0038A6C9 /* combo9.ogg */; };
		4EB9026D172F003B0038A6C9 /* combo10.ogg in Resources */ = {isa = PBXBuildFile; fileRef = 4EB9025B172F003B0038A6C9 /* combo10.ogg */; };
		4EB9026E172F003B0038A6C9 /* combo11.ogg in Resources */ = {isa = PBXBuildFile; fileRef = 4EB9025C172F003B0038A6C9 /* combo11.ogg */; };
		4EB9026F172F003B0038A6C9 /* combo12.ogg in Resources */ = {isa = PBXBuildFile; fileRef = 4EB9025D172F003B0038A6C9 /* combo12.ogg */; };
		4EB90270172F003B0038A6C9 /* combo13.ogg in Resources */ = {isa = PBXBuildFile; fileRef = 4EB9025E172F003B0038A6C9 /* combo13.ogg */; };
		4EB90271172F003B0038A6C9 /* combo14.ogg in Resources */ = {isa = PBXBuildFile; fileRef = 4EB9025F172F003B0038A6C9 /* combo14.ogg */; };
		4EB90272172F003B0038A6C9 /* combo15.ogg in Resources */ = {isa = PBXBuildFile; fileRef = 4EB90260172F003B0038A6C9 /* combo15.ogg */; };
		4EB90273172F003B0038A6C9 /* combo16.ogg in Resources */ = {isa = PBXBuildFile; fileRef = 4EB90261172F003B0038A6C9 /* combo16.ogg */; };
		4EB90274172F003B0038A6C9 /* combo17.ogg in Resources */ = {isa = PBXBuildFile; fileRef = 4EB90262172F003B0038A6C9 /* combo17.ogg */; };
		4EB90275172F003B0038A6C9 /* combo18.ogg in Resources */ = {isa = PBXBuildFile; fileRef = 4EB90263172F003B0038A6C9 /* combo18.ogg */; };
		4EB90276172F003B0038A6C9 /* combo19.ogg in Resources */ = {isa = PBXBuildFile; fileRef = 4EB90264172F003B0038A6C9 /* combo19.ogg */; };
		4EB90277172F003B0038A6C9 /* combo20.ogg in Resources */ = {isa = PBXBuildFile; fileRef = 4EB90265172F003B0038A6C9 /* combo20.ogg */; };
		4EB9027D172F06F60038A6C9 /* beep.ogg in Resources */ = {isa = PBXBuildFile; fileRef = 4EB9027C172F06F60038A6C9 /* beep.ogg */; };
/* End PBXBuildFile section */

/* Begin PBXFileReference section */
		4E05983D172BA19200ADD283 /* sfml-audio.framework */ = {isa = PBXFileReference; lastKnownFileType = wrapper.framework; name = "sfml-audio.framework"; path = "../../../../../../../Library/Frameworks/sfml-audio.framework"; sourceTree = SOURCE_ROOT; };
		4E059841172BA5EE00ADD283 /* sndfile.framework */ = {isa = PBXFileReference; lastKnownFileType = wrapper.framework; name = sndfile.framework; path = "../../../../../SFMl/extlibs/libs-osx/Frameworks/sndfile.framework"; sourceTree = SOURCE_ROOT; };
		4E0BA2E5172B8A3400BB865E /* LD26Test.app */ = {isa = PBXFileReference; explicitFileType = wrapper.application; includeInIndex = 0; path = LD26Test.app; sourceTree = BUILT_PRODUCTS_DIR; };
		4E0BA2E8172B8A3400BB865E /* Foundation.framework */ = {isa = PBXFileReference; lastKnownFileType = wrapper.framework; name = Foundation.framework; path = System/Library/Frameworks/Foundation.framework; sourceTree = SDKROOT; };
		4E0BA2EB172B8A3400BB865E /* main.cpp */ = {isa = PBXFileReference; lastKnownFileType = sourcecode.cpp.cpp; path = main.cpp; sourceTree = "<group>"; };
		4E0BA2ED172B8A3400BB865E /* ResourcePath.mm */ = {isa = PBXFileReference; lastKnownFileType = sourcecode.cpp.objcpp; path = ResourcePath.mm; sourceTree = "<group>"; };
		4E0BA2EF172B8A3400BB865E /* ResourcePath.hpp */ = {isa = PBXFileReference; lastKnownFileType = sourcecode.cpp.h; path = ResourcePath.hpp; sourceTree = "<group>"; };
		4E0BA2F1172B8A3400BB865E /* LD26Test-Info.plist */ = {isa = PBXFileReference; lastKnownFileType = text.plist.xml; path = "LD26Test-Info.plist"; sourceTree = "<group>"; };
		4E0BA2F3172B8A3400BB865E /* en */ = {isa = PBXFileReference; lastKnownFileType = text.plist.strings; name = en; path = en.lproj/InfoPlist.strings; sourceTree = "<group>"; };
		4E0BA2FE172B8F7D00BB865E /* GLUT.framework */ = {isa = PBXFileReference; lastKnownFileType = wrapper.framework; name = GLUT.framework; path = System/Library/Frameworks/GLUT.framework; sourceTree = SDKROOT; };
		4E0BA300172B8F8400BB865E /* OpenGL.framework */ = {isa = PBXFileReference; lastKnownFileType = wrapper.framework; name = OpenGL.framework; path = System/Library/Frameworks/OpenGL.framework; sourceTree = SDKROOT; };
		4E2481AD172C29D900F9ADFE /* Shape.cpp */ = {isa = PBXFileReference; fileEncoding = 4; lastKnownFileType = sourcecode.cpp.cpp; path = Shape.cpp; sourceTree = "<group>"; };
		4E2481AE172C29D900F9ADFE /* Shape.h */ = {isa = PBXFileReference; fileEncoding = 4; lastKnownFileType = sourcecode.c.h; path = Shape.h; sourceTree = "<group>"; };
		4E53D771172DFA03007AA621 /* icon1.icns */ = {isa = PBXFileReference; lastKnownFileType = image.icns; path = icon1.icns; sourceTree = "<group>"; };
		4E53D773172E08AA007AA621 /* traffic-jamicon.icns */ = {isa = PBXFileReference; lastKnownFileType = image.icns; path = "traffic-jamicon.icns"; sourceTree = "<group>"; };
		4E53D775172E0E1B007AA621 /* ludumintro.png */ = {isa = PBXFileReference; lastKnownFileType = image.png; name = ludumintro.png; path = "../../../../Game Design/LD26 Minimalism/ludumintro.png"; sourceTree = "<group>"; };
		4E53D777172E0E9A007AA621 /* sfml-graphics.framework */ = {isa = PBXFileReference; lastKnownFileType = wrapper.framework; name = "sfml-graphics.framework"; path = "../../../../../../../Library/Frameworks/sfml-graphics.framework"; sourceTree = "<group>"; };
		4E6655D9172EF50A0057ADDC /* trafficjam.ogg */ = {isa = PBXFileReference; lastKnownFileType = file; name = trafficjam.ogg; path = "../../../../../../Desktop/LD26 - Minimalism/new sound/trafficjam.ogg"; sourceTree = "<group>"; };
		4E6655DD172EF5320057ADDC /* combobreaker.ogg */ = {isa = PBXFileReference; lastKnownFileType = file; name = combobreaker.ogg; path = "../../../../../../Desktop/LD26 - Minimalism/new sound/combobreaker.ogg"; sourceTree = "<group>"; };
		4E6655E1172EF54B0057ADDC /* wimp.ogg */ = {isa = PBXFileReference; lastKnownFileType = file; name = wimp.ogg; path = "../../../../../../Desktop/LD26 - Minimalism/new sound/wimp.ogg"; sourceTree = "<group>"; };
		4E6655E3172EF5E00057ADDC /* potato.ogg */ = {isa = PBXFileReference; lastKnownFileType = file; name = potato.ogg; path = "../../../../../../Desktop/LD26 - Minimalism/new sound/difficulties/potato.ogg"; sourceTree = "<group>"; };
		4E870AC7172EDF37007A478B /* boop.ogg */ = {isa = PBXFileReference; lastKnownFileType = file; name = boop.ogg; path = "../../../../../../Desktop/LD26 - Minimalism/new sound/boop.ogg"; sourceTree = "<group>"; };
		4E870AC8172EDF37007A478B /* highbeep.ogg */ = {isa = PBXFileReference; lastKnownFileType = file; name = highbeep.ogg; path = "../../../../../../Desktop/LD26 - Minimalism/new sound/highbeep.ogg"; sourceTree = "<group>"; };
		4E870AC9172EDF37007A478B /* powerdown.ogg */ = {isa = PBXFileReference; lastKnownFileType = file; name = powerdown.ogg; path = "../../../../../../Desktop/LD26 - Minimalism/new sound/powerdown.ogg"; sourceTree = "<group>"; };
		4E870ACA172EDF37007A478B /* powerup.ogg */ = {isa = PBXFileReference; lastKnownFileType = file; name = powerup.ogg; path = "../../../../../../Desktop/LD26 - Minimalism/new sound/powerup.ogg"; sourceTree = "<group>"; };
		4E870ACB172EDF37007A478B /* screechleft.ogg */ = {isa = PBXFileReference; lastKnownFileType = file; name = screechleft.ogg; path = "../../../../../../Desktop/LD26 - Minimalism/new sound/screechleft.ogg"; sourceTree = "<group>"; };
		4E870ACC172EDF37007A478B /* screechright.ogg */ = {isa = PBXFileReference; lastKnownFileType = file; name = screechright.ogg; path = "../../../../../../Desktop/LD26 - Minimalism/new sound/screechright.ogg"; sourceTree = "<group>"; };
		4E870AF4172EDF4D007A478B /* easy.ogg */ = {isa = PBXFileReference; lastKnownFileType = file; name = easy.ogg; path = "../../../../../../Desktop/LD26 - Minimalism/new sound/difficulties/easy.ogg"; sourceTree = "<group>"; };
		4E870AF5172EDF4D007A478B /* hard.ogg */ = {isa = PBXFileReference; lastKnownFileType = file; name = hard.ogg; path = "../../../../../../Desktop/LD26 - Minimalism/new sound/difficulties/hard.ogg"; sourceTree = "<group>"; };
		4E870AF6172EDF4D007A478B /* insanity.ogg */ = {isa = PBXFileReference; lastKnownFileType = file; name = insanity.ogg; path = "../../../../../../Desktop/LD26 - Minimalism/new sound/difficulties/insanity.ogg"; sourceTree = "<group>"; };
		4E870AF7172EDF4D007A478B /* normal.ogg */ = {isa = PBXFileReference; lastKnownFileType = file; name = normal.ogg; path = "../../../../../../Desktop/LD26 - Minimalism/new sound/difficulties/normal.ogg"; sourceTree = "<group>"; };
		4E870AFE172EDF58007A478B /* game.ogg */ = {isa = PBXFileReference; lastKnownFileType = file; name = game.ogg; path = "../../../../../../Desktop/LD26 - Minimalism/new sound/music/game.ogg"; sourceTree = "<group>"; };
		4E870AFF172EDF58007A478B /* title.ogg */ = {isa = PBXFileReference; lastKnownFileType = file; name = title.ogg; path = "../../../../../../Desktop/LD26 - Minimalism/new sound/music/title.ogg"; sourceTree = "<group>"; };
		4EB9024A172EFA7B0038A6C9 /* psychedelic.ogg */ = {isa = PBXFileReference; lastKnownFileType = file; name = psychedelic.ogg; path = "../../../../../../Desktop/LD26 - Minimalism/new sound/psychedelic.ogg"; sourceTree = "<group>"; };
		4EB9024C172EFB2B0038A6C9 /* bummer.ogg */ = {isa = PBXFileReference; lastKnownFileType = file; name = bummer.ogg; path = "../../../../../../Desktop/LD26 - Minimalism/new sound/bummer.ogg"; sourceTree = "<group>"; };
		4EB90250172EFE130038A6C9 /* combo1.ogg */ = {isa = PBXFileReference; lastKnownFileType = file; name = combo1.ogg; path = "../../../../../../Desktop/LD26 - Minimalism/new sound/combos/combo1.ogg"; sourceTree = "<group>"; };
		4EB90252172EFE7F0038A6C9 /* combo2.ogg */ = {isa = PBXFileReference; lastKnownFileType = file; name = combo2.ogg; path = "../../../../../../Desktop/LD26 - Minimalism/new sound/combos/combo2.ogg"; sourceTree = "<group>"; };
		4EB90254172F003B0038A6C9 /* combo3.ogg */ = {isa = PBXFileReference; lastKnownFileType = file; name = combo3.ogg; path = "../../../../../../Desktop/LD26 - Minimalism/new sound/combos/combo3.ogg"; sourceTree = "<group>"; };
		4EB90255172F003B0038A6C9 /* combo4.ogg */ = {isa = PBXFileReference; lastKnownFileType = file; name = combo4.ogg; path = "../../../../../../Desktop/LD26 - Minimalism/new sound/combos/combo4.ogg"; sourceTree = "<group>"; };
		4EB90256172F003B0038A6C9 /* combo5.ogg */ = {isa = PBXFileReference; lastKnownFileType = file; name = combo5.ogg; path = "../../../../../../Desktop/LD26 - Minimalism/new sound/combos/combo5.ogg"; sourceTree = "<group>"; };
		4EB90257172F003B0038A6C9 /* combo6.ogg */ = {isa = PBXFileReference; lastKnownFileType = file; name = combo6.ogg; path = "../../../../../../Desktop/LD26 - Minimalism/new sound/combos/combo6.ogg"; sourceTree = "<group>"; };
		4EB90258172F003B0038A6C9 /* combo7.ogg */ = {isa = PBXFileReference; lastKnownFileType = file; name = combo7.ogg; path = "../../../../../../Desktop/LD26 - Minimalism/new sound/combos/combo7.ogg"; sourceTree = "<group>"; };
		4EB90259172F003B0038A6C9 /* combo8.ogg */ = {isa = PBXFileReference; lastKnownFileType = file; name = combo8.ogg; path = "../../../../../../Desktop/LD26 - Minimalism/new sound/combos/combo8.ogg"; sourceTree = "<group>"; };
		4EB9025A172F003B0038A6C9 /* combo9.ogg */ = {isa = PBXFileReference; lastKnownFileType = file; name = combo9.ogg; path = "../../../../../../Desktop/LD26 - Minimalism/new sound/combos/combo9.ogg"; sourceTree = "<group>"; };
		4EB9025B172F003B0038A6C9 /* combo10.ogg */ = {isa = PBXFileReference; lastKnownFileType = file; name = combo10.ogg; path = "../../../../../../Desktop/LD26 - Minimalism/new sound/combos/combo10.ogg"; sourceTree = "<group>"; };
		4EB9025C172F003B0038A6C9 /* combo11.ogg */ = {isa = PBXFileReference; lastKnownFileType = file; name = combo11.ogg; path = "../../../../../../Desktop/LD26 - Minimalism/new sound/combos/combo11.ogg"; sourceTree = "<group>"; };
		4EB9025D172F003B0038A6C9 /* combo12.ogg */ = {isa = PBXFileReference; lastKnownFileType = file; name = combo12.ogg; path = "../../../../../../Desktop/LD26 - Minimalism/new sound/combos/combo12.ogg"; sourceTree = "<group>"; };
		4EB9025E172F003B0038A6C9 /* combo13.ogg */ = {isa = PBXFileReference; lastKnownFileType = file; name = combo13.ogg; path = "../../../../../../Desktop/LD26 - Minimalism/new sound/combos/combo13.ogg"; sourceTree = "<group>"; };
		4EB9025F172F003B0038A6C9 /* combo14.ogg */ = {isa = PBXFileReference; lastKnownFileType = file; name = combo14.ogg; path = "../../../../../../Desktop/LD26 - Minimalism/new sound/combos/combo14.ogg"; sourceTree = "<group>"; };
		4EB90260172F003B0038A6C9 /* combo15.ogg */ = {isa = PBXFileReference; lastKnownFileType = file; name = combo15.ogg; path = "../../../../../../Desktop/LD26 - Minimalism/new sound/combos/combo15.ogg"; sourceTree = "<group>"; };
		4EB90261172F003B0038A6C9 /* combo16.ogg */ = {isa = PBXFileReference; lastKnownFileType = file; name = combo16.ogg; path = "../../../../../../Desktop/LD26 - Minimalism/new sound/combos/combo16.ogg"; sourceTree = "<group>"; };
		4EB90262172F003B0038A6C9 /* combo17.ogg */ = {isa = PBXFileReference; lastKnownFileType = file; name = combo17.ogg; path = "../../../../../../Desktop/LD26 - Minimalism/new sound/combos/combo17.ogg"; sourceTree = "<group>"; };
		4EB90263172F003B0038A6C9 /* combo18.ogg */ = {isa = PBXFileReference; lastKnownFileType = file; name = combo18.ogg; path = "../../../../../../Desktop/LD26 - Minimalism/new sound/combos/combo18.ogg"; sourceTree = "<group>"; };
		4EB90264172F003B0038A6C9 /* combo19.ogg */ = {isa = PBXFileReference; lastKnownFileType = file; name = combo19.ogg; path = "../../../../../../Desktop/LD26 - Minimalism/new sound/combos/combo19.ogg"; sourceTree = "<group>"; };
		4EB90265172F003B0038A6C9 /* combo20.ogg */ = {isa = PBXFileReference; lastKnownFileType = file; name = combo20.ogg; path = "../../../../../../Desktop/LD26 - Minimalism/new sound/combos/combo20.ogg"; sourceTree = "<group>"; };
		4EB9027C172F06F60038A6C9 /* beep.ogg */ = {isa = PBXFileReference; lastKnownFileType = file; name = beep.ogg; path = "../../../../../../Desktop/LD26 - Minimalism/new sound/beep.ogg"; sourceTree = "<group>"; };
/* End PBXFileReference section */

/* Begin PBXFrameworksBuildPhase section */
		4E0BA2E2172B8A3400BB865E /* Frameworks */ = {
			isa = PBXFrameworksBuildPhase;
			buildActionMask = 2147483647;
			files = (
				4E53D778172E0E9A007AA621 /* sfml-graphics.framework in Frameworks */,
				4E059842172BA5EE00ADD283 /* sndfile.framework in Frameworks */,
				4E05983E172BA19200ADD283 /* sfml-audio.framework in Frameworks */,
				4E0BA301172B8F8400BB865E /* OpenGL.framework in Frameworks */,
				4E0BA2FF172B8F7D00BB865E /* GLUT.framework in Frameworks */,
				4E0BA2E9172B8A3400BB865E /* Foundation.framework in Frameworks */,
			);
			runOnlyForDeploymentPostprocessing = 0;
		};
/* End PBXFrameworksBuildPhase section */

/* Begin PBXGroup section */
		4E059844172BA79E00ADD283 /* Resources */ = {
			isa = PBXGroup;
			children = (
				4E870AC3172EDF11007A478B /* music */,
				4E870AC2172EDF08007A478B /* sound */,
				4E870AC1172EDEEB007A478B /* art */,
				4E53D775172E0E1B007AA621 /* ludumintro.png */,
			);
			name = Resources;
			path = LD26Test;
			sourceTree = "<group>";
		};
		4E0BA2DB172B8A3400BB865E = {
			isa = PBXGroup;
			children = (
				4E53D777172E0E9A007AA621 /* sfml-graphics.framework */,
				4E53D773172E08AA007AA621 /* traffic-jamicon.icns */,
				4E53D771172DFA03007AA621 /* icon1.icns */,
				4E0BA300172B8F8400BB865E /* OpenGL.framework */,
				4E0BA2FE172B8F7D00BB865E /* GLUT.framework */,
				4E0BA2EA172B8A3400BB865E /* LD26Test */,
				4E0BA2E7172B8A3400BB865E /* Frameworks */,
				4E0BA2E6172B8A3400BB865E /* Products */,
				4E059844172BA79E00ADD283 /* Resources */,
			);
			sourceTree = "<group>";
		};
		4E0BA2E6172B8A3400BB865E /* Products */ = {
			isa = PBXGroup;
			children = (
				4E0BA2E5172B8A3400BB865E /* LD26Test.app */,
			);
			name = Products;
			sourceTree = "<group>";
		};
		4E0BA2E7172B8A3400BB865E /* Frameworks */ = {
			isa = PBXGroup;
			children = (
				4E059841172BA5EE00ADD283 /* sndfile.framework */,
				4E05983D172BA19200ADD283 /* sfml-audio.framework */,
				4E0BA2E8172B8A3400BB865E /* Foundation.framework */,
			);
			name = Frameworks;
			sourceTree = "<group>";
		};
		4E0BA2EA172B8A3400BB865E /* LD26Test */ = {
			isa = PBXGroup;
			children = (
				4E0BA2EB172B8A3400BB865E /* main.cpp */,
				4E0BA2ED172B8A3400BB865E /* ResourcePath.mm */,
				4E0BA2EF172B8A3400BB865E /* ResourcePath.hpp */,
				4E0BA2F0172B8A3400BB865E /* Supporting Files */,
				4E2481AD172C29D900F9ADFE /* Shape.cpp */,
				4E2481AE172C29D900F9ADFE /* Shape.h */,
			);
			path = LD26Test;
			sourceTree = "<group>";
		};
		4E0BA2F0172B8A3400BB865E /* Supporting Files */ = {
			isa = PBXGroup;
			children = (
				4E0BA2F1172B8A3400BB865E /* LD26Test-Info.plist */,
				4E0BA2F2172B8A3400BB865E /* InfoPlist.strings */,
			);
			name = "Supporting Files";
			sourceTree = "<group>";
		};
		4E870AC1172EDEEB007A478B /* art */ = {
			isa = PBXGroup;
			children = (
			);
			name = art;
			sourceTree = "<group>";
		};
		4E870AC2172EDF08007A478B /* sound */ = {
			isa = PBXGroup;
			children = (
				4EB9027C172F06F60038A6C9 /* beep.ogg */,
				4EB9024C172EFB2B0038A6C9 /* bummer.ogg */,
				4EB9024A172EFA7B0038A6C9 /* psychedelic.ogg */,
				4E6655DD172EF5320057ADDC /* combobreaker.ogg */,
				4E6655D9172EF50A0057ADDC /* trafficjam.ogg */,
				4E870AC7172EDF37007A478B /* boop.ogg */,
				4E870AC8172EDF37007A478B /* highbeep.ogg */,
				4E870AC9172EDF37007A478B /* powerdown.ogg */,
				4E870ACA172EDF37007A478B /* powerup.ogg */,
				4E870ACB172EDF37007A478B /* screechleft.ogg */,
				4E870ACC172EDF37007A478B /* screechright.ogg */,
				4E6655E1172EF54B0057ADDC /* wimp.ogg */,
				4E870AC5172EDF21007A478B /* difficulty */,
				4E870AC4172EDF1D007A478B /* combo */,
			);
			name = sound;
			sourceTree = "<group>";
		};
		4E870AC3172EDF11007A478B /* music */ = {
			isa = PBXGroup;
			children = (
				4E870AFE172EDF58007A478B /* game.ogg */,
				4E870AFF172EDF58007A478B /* title.ogg */,
			);
			name = music;
			sourceTree = "<group>";
		};
		4E870AC4172EDF1D007A478B /* combo */ = {
			isa = PBXGroup;
			children = (
				4EB90254172F003B0038A6C9 /* combo3.ogg */,
				4EB90255172F003B0038A6C9 /* combo4.ogg */,
				4EB90256172F003B0038A6C9 /* combo5.ogg */,
				4EB90257172F003B0038A6C9 /* combo6.ogg */,
				4EB90258172F003B0038A6C9 /* combo7.ogg */,
				4EB90259172F003B0038A6C9 /* combo8.ogg */,
				4EB9025A172F003B0038A6C9 /* combo9.ogg */,
				4EB9025B172F003B0038A6C9 /* combo10.ogg */,
				4EB9025C172F003B0038A6C9 /* combo11.ogg */,
				4EB9025D172F003B0038A6C9 /* combo12.ogg */,
				4EB9025E172F003B0038A6C9 /* combo13.ogg */,
				4EB9025F172F003B0038A6C9 /* combo14.ogg */,
				4EB90260172F003B0038A6C9 /* combo15.ogg */,
				4EB90261172F003B0038A6C9 /* combo16.ogg */,
				4EB90262172F003B0038A6C9 /* combo17.ogg */,
				4EB90263172F003B0038A6C9 /* combo18.ogg */,
				4EB90264172F003B0038A6C9 /* combo19.ogg */,
				4EB90265172F003B0038A6C9 /* combo20.ogg */,
				4EB90252172EFE7F0038A6C9 /* combo2.ogg */,
				4EB90250172EFE130038A6C9 /* combo1.ogg */,
			);
			name = combo;
			sourceTree = "<group>";
		};
		4E870AC5172EDF21007A478B /* difficulty */ = {
			isa = PBXGroup;
			children = (
				4E6655E3172EF5E00057ADDC /* potato.ogg */,
				4E870AF4172EDF4D007A478B /* easy.ogg */,
				4E870AF5172EDF4D007A478B /* hard.ogg */,
				4E870AF6172EDF4D007A478B /* insanity.ogg */,
				4E870AF7172EDF4D007A478B /* normal.ogg */,
			);
			name = difficulty;
			sourceTree = "<group>";
		};
/* End PBXGroup section */

/* Begin PBXNativeTarget section */
		4E0BA2E4172B8A3400BB865E /* LD26Test */ = {
			isa = PBXNativeTarget;
			buildConfigurationList = 4E0BA2F7172B8A3400BB865E /* Build configuration list for PBXNativeTarget "LD26Test" */;
			buildPhases = (
				4E0BA2E0172B8A3400BB865E /* ShellScript */,
				4E0BA2E1172B8A3400BB865E /* Sources */,
				4E0BA2E2172B8A3400BB865E /* Frameworks */,
				4E0BA2E3172B8A3400BB865E /* Resources */,
			);
			buildRules = (
			);
			dependencies = (
			);
			name = LD26Test;
			productName = LD26Test;
			productReference = 4E0BA2E5172B8A3400BB865E /* LD26Test.app */;
			productType = "com.apple.product-type.application";
		};
/* End PBXNativeTarget section */

/* Begin PBXProject section */
		4E0BA2DC172B8A3400BB865E /* Project object */ = {
			isa = PBXProject;
			attributes = {
				LastUpgradeCheck = 0460;
				ORGANIZATIONNAME = "Evan Chapman";
			};
			buildConfigurationList = 4E0BA2DF172B8A3400BB865E /* Build configuration list for PBXProject "LD26Test" */;
			compatibilityVersion = "Xcode 3.2";
			developmentRegion = English;
			hasScannedForEncodings = 0;
			knownRegions = (
				en,
			);
			mainGroup = 4E0BA2DB172B8A3400BB865E;
			productRefGroup = 4E0BA2E6172B8A3400BB865E /* Products */;
			projectDirPath = "";
			projectRoot = "";
			targets = (
				4E0BA2E4172B8A3400BB865E /* LD26Test */,
			);
		};
/* End PBXProject section */

/* Begin PBXResourcesBuildPhase section */
		4E0BA2E3172B8A3400BB865E /* Resources */ = {
			isa = PBXResourcesBuildPhase;
			buildActionMask = 2147483647;
			files = (
				4E8D6B14172C3D7E0036F7C1 /* sndfile.framework in Resources */,
				4E8D6B15172C3D7E0036F7C1 /* sfml-audio.framework in Resources */,
				4E0BA2F4172B8A3400BB865E /* InfoPlist.strings in Resources */,
				4E53D772172DFA03007AA621 /* icon1.icns in Resources */,
				4E53D774172E08AA007AA621 /* traffic-jamicon.icns in Resources */,
				4E53D776172E0E1B007AA621 /* ludumintro.png in Resources */,
				4E870ACE172EDF37007A478B /* boop.ogg in Resources */,
				4E870ACF172EDF37007A478B /* highbeep.ogg in Resources */,
				4E870AD0172EDF37007A478B /* powerdown.ogg in Resources */,
				4E870AD1172EDF37007A478B /* powerup.ogg in Resources */,
				4E870AD2172EDF37007A478B /* screechleft.ogg in Resources */,
				4E870AD3172EDF37007A478B /* screechright.ogg in Resources */,
				4E870AF9172EDF4D007A478B /* easy.ogg in Resources */,
				4E870AFA172EDF4D007A478B /* hard.ogg in Resources */,
				4E870AFB172EDF4D007A478B /* insanity.ogg in Resources */,
				4E870AFC172EDF4D007A478B /* normal.ogg in Resources */,
				4E870B00172EDF58007A478B /* game.ogg in Resources */,
				4E870B01172EDF58007A478B /* title.ogg in Resources */,
				4E6655DA172EF50A0057ADDC /* trafficjam.ogg in Resources */,
				4E6655DE172EF5320057ADDC /* combobreaker.ogg in Resources */,
				4E6655E2172EF54B0057ADDC /* wimp.ogg in Resources */,
				4E6655E4172EF5E00057ADDC /* potato.ogg in Resources */,
				4EB9024B172EFA7B0038A6C9 /* psychedelic.ogg in Resources */,
				4EB9024D172EFB2B0038A6C9 /* bummer.ogg in Resources */,
				4EB90251172EFE130038A6C9 /* combo1.ogg in Resources */,
				4EB90253172EFE7F0038A6C9 /* combo2.ogg in Resources */,
				4EB90266172F003B0038A6C9 /* combo3.ogg in Resources */,
				4EB90267172F003B0038A6C9 /* combo4.ogg in Resources */,
				4EB90268172F003B0038A6C9 /* combo5.ogg in Resources */,
				4EB90269172F003B0038A6C9 /* combo6.ogg in Resources */,
				4EB9026A172F003B0038A6C9 /* combo7.ogg in Resources */,
				4EB9026B172F003B0038A6C9 /* combo8.ogg in Resources */,
				4EB9026C172F003B0038A6C9 /* combo9.ogg in Resources */,
				4EB9026D172F003B0038A6C9 /* combo10.ogg in Resources */,
				4EB9026E172F003B0038A6C9 /* combo11.ogg in Resources */,
				4EB9026F172F003B0038A6C9 /* combo12.ogg in Resources */,
				4EB90270172F003B0038A6C9 /* combo13.ogg in Resources */,
				4EB90271172F003B0038A6C9 /* combo14.ogg in Resources */,
				4EB90272172F003B0038A6C9 /* combo15.ogg in Resources */,
				4EB90273172F003B0038A6C9 /* combo16.ogg in Resources */,
				4EB90274172F003B0038A6C9 /* combo17.ogg in Resources */,
				4EB90275172F003B0038A6C9 /* combo18.ogg in Resources */,
				4EB90276172F003B0038A6C9 /* combo19.ogg in Resources */,
				4EB90277172F003B0038A6C9 /* combo20.ogg in Resources */,
				4EB9027D172F06F60038A6C9 /* beep.ogg in Resources */,
			);
			runOnlyForDeploymentPostprocessing = 0;
		};
/* End PBXResourcesBuildPhase section */

/* Begin PBXShellScriptBuildPhase section */
		4E0BA2E0172B8A3400BB865E /* ShellScript */ = {
			isa = PBXShellScriptBuildPhase;
			buildActionMask = 2147483647;
			files = (
			);
			inputPaths = (
			);
			outputPaths = (
			);
			runOnlyForDeploymentPostprocessing = 0;
			shellPath = /bin/sh;
			shellScript = "# This shell script simply copies required sfml dylibs/frameworks into the application bundle frameworks folder.\n# If you're using static libraries (which is not recommended) you should remove this script from your project.\n\n# Are we building a project that uses framework or dylibs ?\nif [ $SFML_LINK_PREFIX = $SFML_LINK_FRAMEWORKS_PREFIX ]\nthen\n    frameworks=1\nelse\n    frameworks=0\nfi\n\nrequire () # $1 is a SFML module like 'system' or 'audio'\n{\n    dest=$BUILT_PRODUCTS_DIR/$PRODUCT_NAME.app/Contents/Frameworks\n    \n    if [ -z $1 ]\n    then\n        echo \"no parameter! ERROR!\"\n        exit\n    else\n        # clean potentially old stuff\n        rm -f $dest/libsfml-$1.2.dylib\n        rm -f $dest/libsfml-$1-d.2.dylib\n        rm -fr $dest/sfml-$1.framework\n    \n        # copy SFML libraries\n        if [ $frameworks ]\n        then\n            ditto \"/Library/Frameworks/sfml-$1.framework\" \"$dest/sfml-$1.framework\"\n        elif [ $CONFIGURATION = \"Debug\" ]\n        then\n            ditto \"/usr/local/lib/libsfml-$1-d.2.dylib\" \"$dest/libsfml-$1-d.2.dylib\"\n        else\n            ditto \"/usr/local/lib/libsfml-$1.2.dylib\" \"$dest/libsfml-$1.2.dylib\"\n        fi\n        \n        if [ $1 = \"audio\" ]\n        then\n            # copy sndfile framework too\n            ditto \"/Library/Frameworks/sndfile.framework\" \"$dest/sndfile.framework\"\n        fi\n    fi\n}\n\nif [ -n \"$SFML_SYSTEM\" ]\nthen\n    require \"system\"\nfi\n\nif [ -n \"$SFML_AUDIO\" ]\nthen\n    require \"audio\"\nfi\n\nif [ -n \"$SFML_NETWORK\" ]\nthen\n    require \"network\"\nfi\n\nif [ -n \"$SFML_WINDOW\" ]\nthen\n    require \"window\"\nfi\n\nif [ -n \"$SFML_GRAPHICS\" ]\nthen\n    require \"graphics\"\nfi\n\t\t\t\t\t";
		};
/* End PBXShellScriptBuildPhase section */

/* Begin PBXSourcesBuildPhase section */
		4E0BA2E1172B8A3400BB865E /* Sources */ = {
			isa = PBXSourcesBuildPhase;
			buildActionMask = 2147483647;
			files = (
				4E0BA2EC172B8A3400BB865E /* main.cpp in Sources */,
				4E0BA2EE172B8A3400BB865E /* ResourcePath.mm in Sources */,
				4E2481AF172C29D900F9ADFE /* Shape.cpp in Sources */,
			);
			runOnlyForDeploymentPostprocessing = 0;
		};
/* End PBXSourcesBuildPhase section */

/* Begin PBXVariantGroup section */
		4E0BA2F2172B8A3400BB865E /* InfoPlist.strings */ = {
			isa = PBXVariantGroup;
			children = (
				4E0BA2F3172B8A3400BB865E /* en */,
			);
			name = InfoPlist.strings;
			sourceTree = "<group>";
		};
/* End PBXVariantGroup section */

/* Begin XCBuildConfiguration section */
		4E0BA2F5172B8A3400BB865E /* Debug */ = {
			isa = XCBuildConfiguration;
			buildSettings = {
				ALWAYS_SEARCH_USER_PATHS = NO;
				ARCHS = "$(ARCHS_STANDARD_32_BIT)";
				CLANG_CXX_LANGUAGE_STANDARD = "gnu++0x";
				CLANG_CXX_LIBRARY = "libc++";
				CLANG_ENABLE_OBJC_ARC = "";
				CLANG_WARN_CONSTANT_CONVERSION = YES;
				CLANG_WARN_EMPTY_BODY = YES;
				CLANG_WARN_ENUM_CONVERSION = YES;
				CLANG_WARN_INT_CONVERSION = YES;
				CLANG_WARN__DUPLICATE_METHOD_MATCH = YES;
				COPY_PHASE_STRIP = NO;
				FRAMEWORK_SEARCH_PATHS = (
					/Library/Frameworks,
					/usr/local/lib,
				);
				GCC_C_LANGUAGE_STANDARD = "compiler-default";
				GCC_DYNAMIC_NO_PIC = NO;
				GCC_ENABLE_OBJC_EXCEPTIONS = YES;
				GCC_ENABLE_OBJC_GC = unsupported;
				GCC_OPTIMIZATION_LEVEL = 0;
				GCC_PREPROCESSOR_DEFINITIONS = (
					"DEBUG=1",
					"$(inherited)",
				);
				GCC_SYMBOLS_PRIVATE_EXTERN = NO;
				GCC_WARN_64_TO_32_BIT_CONVERSION = YES;
				GCC_WARN_ABOUT_RETURN_TYPE = YES;
				GCC_WARN_UNINITIALIZED_AUTOS = YES;
				GCC_WARN_UNUSED_VARIABLE = YES;
				HEADER_SEARCH_PATHS = (
					"$(HEADER_SEARCH_PATHS)",
					/usr/local/include,
				);
				LIBRARY_SEARCH_PATHS = /usr/local/lib;
				MACOSX_DEPLOYMENT_TARGET = 10.7;
				ONLY_ACTIVE_ARCH = YES;
				OTHER_LDFLAGS = (
					"$(OTHER_LDFLAGS)",
					"$(SFML_SYSTEM)",
					"$(SFML_WINDOW)",
					"$(SFML_GRAPHICS)",
					"$(SFML_AUDIO)",
					"$(SFML_NETWORK)",
				);
				PRODUCT_NAME = "$(TARGET_NAME)";
				SDKROOT = macosx;
				SFML_AUDIO = "$(SFML_LINK_PREFIX)sfml-audio$(SFML_LINK_SUFFIX)";
				SFML_LINK_DYLIBS_PREFIX = "-l";
				SFML_LINK_DYLIBS_SUFFIX = "-d";
				SFML_LINK_FRAMEWORKS_PREFIX = "-framework ";
				SFML_LINK_FRAMEWORKS_SUFFIX = "";
				SFML_LINK_PREFIX = "$(SFML_LINK_FRAMEWORKS_PREFIX)";
				SFML_LINK_SUFFIX = "$(SFML_LINK_FRAMEWORKS_SUFFIX)";
				SFML_NETWORK = "";
				SFML_SYSTEM = "$(SFML_LINK_PREFIX)sfml-system$(SFML_LINK_SUFFIX)";
				SFML_WINDOW = "";
			};
			name = Debug;
		};
		4E0BA2F6172B8A3400BB865E /* Release */ = {
			isa = XCBuildConfiguration;
			buildSettings = {
				ALWAYS_SEARCH_USER_PATHS = NO;
				ARCHS = "$(ARCHS_STANDARD_32_BIT)";
				CLANG_CXX_LANGUAGE_STANDARD = "gnu++0x";
				CLANG_CXX_LIBRARY = "libc++";
				CLANG_ENABLE_OBJC_ARC = "";
				CLANG_WARN_CONSTANT_CONVERSION = YES;
				CLANG_WARN_EMPTY_BODY = YES;
				CLANG_WARN_ENUM_CONVERSION = YES;
				CLANG_WARN_INT_CONVERSION = YES;
				CLANG_WARN__DUPLICATE_METHOD_MATCH = YES;
				COPY_PHASE_STRIP = YES;
				DEBUG_INFORMATION_FORMAT = "dwarf-with-dsym";
				FRAMEWORK_SEARCH_PATHS = (
					/Library/Frameworks,
					/usr/local/lib,
				);
				GCC_C_LANGUAGE_STANDARD = "compiler-default";
				GCC_ENABLE_OBJC_EXCEPTIONS = YES;
				GCC_ENABLE_OBJC_GC = unsupported;
				GCC_WARN_64_TO_32_BIT_CONVERSION = YES;
				GCC_WARN_ABOUT_RETURN_TYPE = YES;
				GCC_WARN_UNINITIALIZED_AUTOS = YES;
				GCC_WARN_UNUSED_VARIABLE = YES;
				HEADER_SEARCH_PATHS = (
					"$(HEADER_SEARCH_PATHS)",
					/usr/local/include,
				);
				LIBRARY_SEARCH_PATHS = /usr/local/lib;
				MACOSX_DEPLOYMENT_TARGET = 10.7;
				OTHER_LDFLAGS = (
					"$(OTHER_LDFLAGS)",
					"$(SFML_SYSTEM)",
					"$(SFML_WINDOW)",
					"$(SFML_GRAPHICS)",
					"$(SFML_AUDIO)",
					"$(SFML_NETWORK)",
				);
				PRODUCT_NAME = "$(TARGET_NAME)";
				SDKROOT = macosx;
				SFML_AUDIO = "$(SFML_LINK_PREFIX)sfml-audio$(SFML_LINK_SUFFIX)";
				SFML_LINK_DYLIBS_PREFIX = "-l";
				SFML_LINK_DYLIBS_SUFFIX = "";
				SFML_LINK_FRAMEWORKS_PREFIX = "-framework ";
				SFML_LINK_FRAMEWORKS_SUFFIX = "";
				SFML_LINK_PREFIX = "$(SFML_LINK_FRAMEWORKS_PREFIX)";
				SFML_LINK_SUFFIX = "$(SFML_LINK_FRAMEWORKS_SUFFIX)";
				SFML_NETWORK = "";
				SFML_SYSTEM = "$(SFML_LINK_PREFIX)sfml-system$(SFML_LINK_SUFFIX)";
				SFML_WINDOW = "";
			};
			name = Release;
		};
		4E0BA2F8172B8A3400BB865E /* Debug */ = {
			isa = XCBuildConfiguration;
			buildSettings = {
				ARCHS = "$(ARCHS_STANDARD_32_64_BIT)";
				COMBINE_HIDPI_IMAGES = YES;
				COPY_PHASE_STRIP = NO;
				FRAMEWORK_SEARCH_PATHS = (
					/Library/Frameworks,
					"\"$(SRCROOT)/../../../../../SFMl/extlibs/libs-osx/Frameworks\"",
					/usr/local/lib,
				);
				GCC_DYNAMIC_NO_PIC = NO;
				GCC_PRECOMPILE_PREFIX_HEADER = NO;
				GCC_PREFIX_HEADER = "";
				GCC_VERSION = "";
				HEADER_SEARCH_PATHS = (
					"$(HEADER_SEARCH_PATHS)",
					/usr/local/include,
				);
				INFOPLIST_FILE = "LD26Test/LD26Test-Info.plist";
				LIBRARY_SEARCH_PATHS = /usr/local/lib;
				MACOSX_DEPLOYMENT_TARGET = 10.7;
				PRODUCT_NAME = "$(TARGET_NAME)";
				SDKROOT = macosx;
				WRAPPER_EXTENSION = app;
			};
			name = Debug;
		};
		4E0BA2F9172B8A3400BB865E /* Release */ = {
			isa = XCBuildConfiguration;
			buildSettings = {
				ARCHS = "$(ARCHS_STANDARD_32_64_BIT)";
				COMBINE_HIDPI_IMAGES = YES;
				COPY_PHASE_STRIP = YES;
				FRAMEWORK_SEARCH_PATHS = (
					/Library/Frameworks,
					"\"$(SRCROOT)/../../../../../SFMl/extlibs/libs-osx/Frameworks\"",
					/usr/local/lib,
				);
				GCC_PRECOMPILE_PREFIX_HEADER = NO;
				GCC_PREFIX_HEADER = "";
				GCC_VERSION = "";
				HEADER_SEARCH_PATHS = (
					"$(HEADER_SEARCH_PATHS)",
					/usr/local/include,
				);
				INFOPLIST_FILE = "LD26Test/LD26Test-Info.plist";
				LIBRARY_SEARCH_PATHS = /usr/local/lib;
				MACOSX_DEPLOYMENT_TARGET = 10.7;
				PRODUCT_NAME = "$(TARGET_NAME)";
				SDKROOT = macosx;
				WRAPPER_EXTENSION = app;
			};
			name = Release;
		};
/* End XCBuildConfiguration section */

/* Begin XCConfigurationList section */
		4E0BA2DF172B8A3400BB865E /* Build configuration list for PBXProject "LD26Test" */ = {
			isa = XCConfigurationList;
			buildConfigurations = (
				4E0BA2F5172B8A3400BB865E /* Debug */,
				4E0BA2F6172B8A3400BB865E /* Release */,
			);
			defaultConfigurationIsVisible = 0;
			defaultConfigurationName = Release;
		};
		4E0BA2F7172B8A3400BB865E /* Build configuration list for PBXNativeTarget "LD26Test" */ = {
			isa = XCConfigurationList;
			buildConfigurations = (
				4E0BA2F8172B8A3400BB865E /* Debug */,
				4E0BA2F9172B8A3400BB865E /* Release */,
			);
			defaultConfigurationIsVisible = 0;
			defaultConfigurationName = Release;
		};
/* End XCConfigurationList section */
	};
	rootObject = 4E0BA2DC172B8A3400BB865E /* Project object */;
}
